
Microsoft Visual Studio Solution File, Format Version 12.00
# Visual Studio Version 17
VisualStudioVersion = 17.2.32616.157
MinimumVisualStudioVersion = 10.0.40219.1
Project("{9A19103F-16F7-4668-BE54-9A1E7A4F7556}") = "TestGraphics", "TestGraphics\TestGraphics.csproj", "{06C3CF2C-2C99-4D3B-ADB0-F2EE36FC3E80}"
EndProject
Project("{9A19103F-16F7-4668-BE54-9A1E7A4F7556}") = "TestMonolithic", "TestMonolithic\TestMonolithic.csproj", "{1456D45F-4E30-44B5-B877-9F436E259316}"
EndProject
Project("{9A19103F-16F7-4668-BE54-9A1E7A4F7556}") = "TestNameListWithAssign", "TestNameListWithAssign\TestNameListWithAssign.csproj", "{FC9C532F-1786-468A-A639-250E1AE59F4B}"
EndProject
Project("{9A19103F-16F7-4668-BE54-9A1E7A4F7556}") = "TestNameListWithParallelAssign", "TestNameListWithParallelAssign\TestNameListWithParallelAssign.csproj", "{1C1DAB5A-F41C-4626-904B-ADAC8D415F1E}"
EndProject
Project("{9A19103F-16F7-4668-BE54-9A1E7A4F7556}") = "TestNested", "TestNested\TestNested.csproj", "{0B1E87EC-81D5-440C-8C6F-8714D088C3ED}"
EndProject
Project("{9A19103F-16F7-4668-BE54-9A1E7A4F7556}") = "TestNestedNameList", "TestNestedNameList\TestNestedNameList.csproj", "{3D40B761-8C62-4D21-A2EC-B0CAE3C31250}"
EndProject
Project("{9A19103F-16F7-4668-BE54-9A1E7A4F7556}") = "TestStack", "TestStack\TestStack.csproj", "{3CB9821E-14D3-4B84-AE62-5281AC694303}"
EndProject
Project("{9A19103F-16F7-4668-BE54-9A1E7A4F7556}") = "TestSyntax", "TestSyntax\TestSyntax.csproj", "{16CF758C-7846-4F50-AC2E-1040CB5EB830}"
EndProject
Project("{9A19103F-16F7-4668-BE54-9A1E7A4F7556}") = "TestTree", "TestTree\TestTree.csproj", "{F349C7BF-F6BA-42C7-8818-868112E330D2}"
EndProject
Project("{9A19103F-16F7-4668-BE54-9A1E7A4F7556}") = "TestVecMath", "TestVecMath\TestVecMath.csproj", "{4B4CB761-DE35-4EFF-8C86-8CD5C5EEF6EE}"
EndProject
Project("{2150E333-8FDC-42A3-9474-1A3956D46DE8}") = "interp", "interp", "{6CF21A91-456E-453F-87FD-FA41419F071D}"
EndProject
Project("{2150E333-8FDC-42A3-9474-1A3956D46DE8}") = "IR", "IR", "{97F21E74-B316-440A-BA57-4C3E3301B853}"
EndProject
Project("{2150E333-8FDC-42A3-9474-1A3956D46DE8}") = "symtab", "symtab", "{3458C759-98FB-471F-81FB-E9F91BAA7460}"
EndProject
Project("{2150E333-8FDC-42A3-9474-1A3956D46DE8}") = "parsing", "parsing", "{5FD7D210-D149-4E71-A6CC-A581B5231D33}"
EndProject
Project("{9A19103F-16F7-4668-BE54-9A1E7A4F7556}") = "Normalized", "Normalized\Normalized.csproj", "{8385B183-572F-49A9-AFC3-34E1418F90C5}"
EndProject
Project("{9A19103F-16F7-4668-BE54-9A1E7A4F7556}") = "Homo", "Homo\Homo.csproj", "{177D12BB-74D7-495A-A832-CDA8C24FEF5E}"
EndProject
Project("{9A19103F-16F7-4668-BE54-9A1E7A4F7556}") = "Hetero", "Hetero\Hetero.csproj", "{AA3E3B59-632A-4589-ADD8-133A229BB10F}"
EndProject
Project("{2150E333-8FDC-42A3-9474-1A3956D46DE8}") = "reader", "reader", "{76D9C0DD-9FEB-4033-BB7D-0A76C1CC57F9}"
EndProject
Project("{2150E333-8FDC-42A3-9474-1A3956D46DE8}") = "lexer", "lexer", "{64278330-DBDF-45D8-87FE-6017D588F602}"
EndProject
Project("{9A19103F-16F7-4668-BE54-9A1E7A4F7556}") = "TestLexer", "TestLexer\TestLexer.csproj", "{02D76277-6690-4439-ACD7-6894D25E3771}"
EndProject
Project("{2150E333-8FDC-42A3-9474-1A3956D46DE8}") = "multi", "multi", "{14F33356-CD7C-42AD-A249-21CED1601A24}"
EndProject
Project("{9A19103F-16F7-4668-BE54-9A1E7A4F7556}") = "TestMulti", "TestMulti\TestMulti.csproj", "{0BD98F26-DBE1-405D-BECE-A092DFE638C8}"
EndProject
Project("{2150E333-8FDC-42A3-9474-1A3956D46DE8}") = "antlr", "antlr", "{AB5B919C-009A-4050-85D4-A3E795051774}"
EndProject
Project("{2150E333-8FDC-42A3-9474-1A3956D46DE8}") = "recursive-descent", "recursive-descent", "{AE796640-E697-43D2-9E1B-FF168EE7CC37}"
EndProject
Project("{9A19103F-16F7-4668-BE54-9A1E7A4F7556}") = "TestRecursiveDescent", "TestRecursiveDescent\TestRecursiveDescent.csproj", "{A2AB2304-D9EE-4AB5-9C78-46C6B1DE96FB}"
EndProject
Project("{2150E333-8FDC-42A3-9474-1A3956D46DE8}") = "backtrack", "backtrack", "{5BE6C592-D745-4240-BFFC-26F96295AE8B}"
EndProject
Project("{9A19103F-16F7-4668-BE54-9A1E7A4F7556}") = "TestBacktrack", "TestBacktrack\TestBacktrack.csproj", "{3C129141-E762-4A3C-909C-14D3EDC8E3D1}"
EndProject
Project("{2150E333-8FDC-42A3-9474-1A3956D46DE8}") = "memoize", "memoize", "{68942B4C-5FF5-499E-8F65-889849F21708}"
EndProject
Project("{9A19103F-16F7-4668-BE54-9A1E7A4F7556}") = "TestMemoize", "TestMemoize\TestMemoize.csproj", "{0FBAD1FF-8996-48E2-948C-FAC42A5BD43D}"
EndProject
Project("{2150E333-8FDC-42A3-9474-1A3956D46DE8}") = "walking", "walking", "{7E0EE37A-5E1A-4921-9C80-5C198493C4F6}"
EndProject
Project("{2150E333-8FDC-42A3-9474-1A3956D46DE8}") = "visitor", "visitor", "{3EB704A0-E522-4035-BB95-AFBD81C08F6B}"
EndProject
Project("{2150E333-8FDC-42A3-9474-1A3956D46DE8}") = "embedded", "embedded", "{72AA2286-2B89-4BA5-A2A0-8A3BC71E3611}"
EndProject
Project("{9A19103F-16F7-4668-BE54-9A1E7A4F7556}") = "TestVisitor", "TestVisitor\TestVisitor.csproj", "{6648FD07-AC40-4611-884C-A9E46A23F738}"
EndProject
Project("{9A19103F-16F7-4668-BE54-9A1E7A4F7556}") = "TestEmbedded", "TestEmbedded\TestEmbedded.csproj", "{9644D2A1-9819-434B-9B37-B044183B64B8}"
EndProject
Project("{2150E333-8FDC-42A3-9474-1A3956D46DE8}") = "semantics", "semantics", "{09DF2424-B2A8-40D6-8BE7-CEC859756566}"
EndProject
Project("{2150E333-8FDC-42A3-9474-1A3956D46DE8}") = "trans", "trans", "{C47CEF14-E094-43B2-BFFF-1B25371098E2}"
EndProject
Project("{9A19103F-16F7-4668-BE54-9A1E7A4F7556}") = "TestAggr", "TestAggr\TestAggr.csproj", "{FE46C6FA-FECB-4895-87BD-910E6A1D65CE}"
EndProject
Project("{9A19103F-16F7-4668-BE54-9A1E7A4F7556}") = "TestClass", "TestClass\TestClass.csproj", "{58A66895-6EF0-4DBF-A139-FA380E7235BB}"
EndProject
Project("{9A19103F-16F7-4668-BE54-9A1E7A4F7556}") = "TestReg", "TestReg\TestReg.csproj", "{A18B51E6-701E-4D32-8154-16873B0C89EF}"
EndProject
Project("{FAE04EC0-301F-11D3-BF4B-00C04F79EFBC}") = "TestFig", "TestFig\TestFig.csproj", "{561AE5EB-DDB5-4CFF-9A5D-101C7C1B0885}"
EndProject
Global
	GlobalSection(SolutionConfigurationPlatforms) = preSolution
		Debug|Any CPU = Debug|Any CPU
		Release|Any CPU = Release|Any CPU
	EndGlobalSection
	GlobalSection(ProjectConfigurationPlatforms) = postSolution
		{06C3CF2C-2C99-4D3B-ADB0-F2EE36FC3E80}.Debug|Any CPU.ActiveCfg = Debug|Any CPU
		{06C3CF2C-2C99-4D3B-ADB0-F2EE36FC3E80}.Debug|Any CPU.Build.0 = Debug|Any CPU
		{06C3CF2C-2C99-4D3B-ADB0-F2EE36FC3E80}.Release|Any CPU.ActiveCfg = Release|Any CPU
		{06C3CF2C-2C99-4D3B-ADB0-F2EE36FC3E80}.Release|Any CPU.Build.0 = Release|Any CPU
		{1456D45F-4E30-44B5-B877-9F436E259316}.Debug|Any CPU.ActiveCfg = Debug|Any CPU
		{1456D45F-4E30-44B5-B877-9F436E259316}.Debug|Any CPU.Build.0 = Debug|Any CPU
		{1456D45F-4E30-44B5-B877-9F436E259316}.Release|Any CPU.ActiveCfg = Release|Any CPU
		{1456D45F-4E30-44B5-B877-9F436E259316}.Release|Any CPU.Build.0 = Release|Any CPU
		{FC9C532F-1786-468A-A639-250E1AE59F4B}.Debug|Any CPU.ActiveCfg = Debug|Any CPU
		{FC9C532F-1786-468A-A639-250E1AE59F4B}.Debug|Any CPU.Build.0 = Debug|Any CPU
		{FC9C532F-1786-468A-A639-250E1AE59F4B}.Release|Any CPU.ActiveCfg = Release|Any CPU
		{FC9C532F-1786-468A-A639-250E1AE59F4B}.Release|Any CPU.Build.0 = Release|Any CPU
		{1C1DAB5A-F41C-4626-904B-ADAC8D415F1E}.Debug|Any CPU.ActiveCfg = Debug|Any CPU
		{1C1DAB5A-F41C-4626-904B-ADAC8D415F1E}.Debug|Any CPU.Build.0 = Debug|Any CPU
		{1C1DAB5A-F41C-4626-904B-ADAC8D415F1E}.Release|Any CPU.ActiveCfg = Release|Any CPU
		{1C1DAB5A-F41C-4626-904B-ADAC8D415F1E}.Release|Any CPU.Build.0 = Release|Any CPU
		{0B1E87EC-81D5-440C-8C6F-8714D088C3ED}.Debug|Any CPU.ActiveCfg = Debug|Any CPU
		{0B1E87EC-81D5-440C-8C6F-8714D088C3ED}.Debug|Any CPU.Build.0 = Debug|Any CPU
		{0B1E87EC-81D5-440C-8C6F-8714D088C3ED}.Release|Any CPU.ActiveCfg = Release|Any CPU
		{0B1E87EC-81D5-440C-8C6F-8714D088C3ED}.Release|Any CPU.Build.0 = Release|Any CPU
		{3D40B761-8C62-4D21-A2EC-B0CAE3C31250}.Debug|Any CPU.ActiveCfg = Debug|Any CPU
		{3D40B761-8C62-4D21-A2EC-B0CAE3C31250}.Debug|Any CPU.Build.0 = Debug|Any CPU
		{3D40B761-8C62-4D21-A2EC-B0CAE3C31250}.Release|Any CPU.ActiveCfg = Release|Any CPU
		{3D40B761-8C62-4D21-A2EC-B0CAE3C31250}.Release|Any CPU.Build.0 = Release|Any CPU
		{3CB9821E-14D3-4B84-AE62-5281AC694303}.Debug|Any CPU.ActiveCfg = Debug|Any CPU
		{3CB9821E-14D3-4B84-AE62-5281AC694303}.Debug|Any CPU.Build.0 = Debug|Any CPU
		{3CB9821E-14D3-4B84-AE62-5281AC694303}.Release|Any CPU.ActiveCfg = Release|Any CPU
		{3CB9821E-14D3-4B84-AE62-5281AC694303}.Release|Any CPU.Build.0 = Release|Any CPU
		{16CF758C-7846-4F50-AC2E-1040CB5EB830}.Debug|Any CPU.ActiveCfg = Debug|Any CPU
		{16CF758C-7846-4F50-AC2E-1040CB5EB830}.Debug|Any CPU.Build.0 = Debug|Any CPU
		{16CF758C-7846-4F50-AC2E-1040CB5EB830}.Release|Any CPU.ActiveCfg = Release|Any CPU
		{16CF758C-7846-4F50-AC2E-1040CB5EB830}.Release|Any CPU.Build.0 = Release|Any CPU
		{F349C7BF-F6BA-42C7-8818-868112E330D2}.Debug|Any CPU.ActiveCfg = Debug|Any CPU
		{F349C7BF-F6BA-42C7-8818-868112E330D2}.Debug|Any CPU.Build.0 = Debug|Any CPU
		{F349C7BF-F6BA-42C7-8818-868112E330D2}.Release|Any CPU.ActiveCfg = Release|Any CPU
		{F349C7BF-F6BA-42C7-8818-868112E330D2}.Release|Any CPU.Build.0 = Release|Any CPU
		{4B4CB761-DE35-4EFF-8C86-8CD5C5EEF6EE}.Debug|Any CPU.ActiveCfg = Debug|Any CPU
		{4B4CB761-DE35-4EFF-8C86-8CD5C5EEF6EE}.Debug|Any CPU.Build.0 = Debug|Any CPU
		{4B4CB761-DE35-4EFF-8C86-8CD5C5EEF6EE}.Release|Any CPU.ActiveCfg = Release|Any CPU
		{4B4CB761-DE35-4EFF-8C86-8CD5C5EEF6EE}.Release|Any CPU.Build.0 = Release|Any CPU
		{8385B183-572F-49A9-AFC3-34E1418F90C5}.Debug|Any CPU.ActiveCfg = Debug|Any CPU
		{8385B183-572F-49A9-AFC3-34E1418F90C5}.Debug|Any CPU.Build.0 = Debug|Any CPU
		{8385B183-572F-49A9-AFC3-34E1418F90C5}.Release|Any CPU.ActiveCfg = Release|Any CPU
		{8385B183-572F-49A9-AFC3-34E1418F90C5}.Release|Any CPU.Build.0 = Release|Any CPU
		{177D12BB-74D7-495A-A832-CDA8C24FEF5E}.Debug|Any CPU.ActiveCfg = Debug|Any CPU
		{177D12BB-74D7-495A-A832-CDA8C24FEF5E}.Debug|Any CPU.Build.0 = Debug|Any CPU
		{177D12BB-74D7-495A-A832-CDA8C24FEF5E}.Release|Any CPU.ActiveCfg = Release|Any CPU
		{177D12BB-74D7-495A-A832-CDA8C24FEF5E}.Release|Any CPU.Build.0 = Release|Any CPU
		{AA3E3B59-632A-4589-ADD8-133A229BB10F}.Debug|Any CPU.ActiveCfg = Debug|Any CPU
		{AA3E3B59-632A-4589-ADD8-133A229BB10F}.Debug|Any CPU.Build.0 = Debug|Any CPU
		{AA3E3B59-632A-4589-ADD8-133A229BB10F}.Release|Any CPU.ActiveCfg = Release|Any CPU
		{AA3E3B59-632A-4589-ADD8-133A229BB10F}.Release|Any CPU.Build.0 = Release|Any CPU
		{02D76277-6690-4439-ACD7-6894D25E3771}.Debug|Any CPU.ActiveCfg = Debug|Any CPU
		{02D76277-6690-4439-ACD7-6894D25E3771}.Debug|Any CPU.Build.0 = Debug|Any CPU
		{02D76277-6690-4439-ACD7-6894D25E3771}.Release|Any CPU.ActiveCfg = Release|Any CPU
		{02D76277-6690-4439-ACD7-6894D25E3771}.Release|Any CPU.Build.0 = Release|Any CPU
		{0BD98F26-DBE1-405D-BECE-A092DFE638C8}.Debug|Any CPU.ActiveCfg = Debug|Any CPU
		{0BD98F26-DBE1-405D-BECE-A092DFE638C8}.Debug|Any CPU.Build.0 = Debug|Any CPU
		{0BD98F26-DBE1-405D-BECE-A092DFE638C8}.Release|Any CPU.ActiveCfg = Release|Any CPU
		{0BD98F26-DBE1-405D-BECE-A092DFE638C8}.Release|Any CPU.Build.0 = Release|Any CPU
		{A2AB2304-D9EE-4AB5-9C78-46C6B1DE96FB}.Debug|Any CPU.ActiveCfg = Debug|Any CPU
		{A2AB2304-D9EE-4AB5-9C78-46C6B1DE96FB}.Debug|Any CPU.Build.0 = Debug|Any CPU
		{A2AB2304-D9EE-4AB5-9C78-46C6B1DE96FB}.Release|Any CPU.ActiveCfg = Release|Any CPU
		{A2AB2304-D9EE-4AB5-9C78-46C6B1DE96FB}.Release|Any CPU.Build.0 = Release|Any CPU
		{3C129141-E762-4A3C-909C-14D3EDC8E3D1}.Debug|Any CPU.ActiveCfg = Debug|Any CPU
		{3C129141-E762-4A3C-909C-14D3EDC8E3D1}.Debug|Any CPU.Build.0 = Debug|Any CPU
		{3C129141-E762-4A3C-909C-14D3EDC8E3D1}.Release|Any CPU.ActiveCfg = Release|Any CPU
		{3C129141-E762-4A3C-909C-14D3EDC8E3D1}.Release|Any CPU.Build.0 = Release|Any CPU
		{0FBAD1FF-8996-48E2-948C-FAC42A5BD43D}.Debug|Any CPU.ActiveCfg = Debug|Any CPU
		{0FBAD1FF-8996-48E2-948C-FAC42A5BD43D}.Debug|Any CPU.Build.0 = Debug|Any CPU
		{0FBAD1FF-8996-48E2-948C-FAC42A5BD43D}.Release|Any CPU.ActiveCfg = Release|Any CPU
		{0FBAD1FF-8996-48E2-948C-FAC42A5BD43D}.Release|Any CPU.Build.0 = Release|Any CPU
		{6648FD07-AC40-4611-884C-A9E46A23F738}.Debug|Any CPU.ActiveCfg = Debug|Any CPU
		{6648FD07-AC40-4611-884C-A9E46A23F738}.Debug|Any CPU.Build.0 = Debug|Any CPU
		{6648FD07-AC40-4611-884C-A9E46A23F738}.Release|Any CPU.ActiveCfg = Release|Any CPU
		{6648FD07-AC40-4611-884C-A9E46A23F738}.Release|Any CPU.Build.0 = Release|Any CPU
		{9644D2A1-9819-434B-9B37-B044183B64B8}.Debug|Any CPU.ActiveCfg = Debug|Any CPU
		{9644D2A1-9819-434B-9B37-B044183B64B8}.Debug|Any CPU.Build.0 = Debug|Any CPU
		{9644D2A1-9819-434B-9B37-B044183B64B8}.Release|Any CPU.ActiveCfg = Release|Any CPU
		{9644D2A1-9819-434B-9B37-B044183B64B8}.Release|Any CPU.Build.0 = Release|Any CPU
		{FE46C6FA-FECB-4895-87BD-910E6A1D65CE}.Debug|Any CPU.ActiveCfg = Debug|Any CPU
		{FE46C6FA-FECB-4895-87BD-910E6A1D65CE}.Debug|Any CPU.Build.0 = Debug|Any CPU
		{FE46C6FA-FECB-4895-87BD-910E6A1D65CE}.Release|Any CPU.ActiveCfg = Release|Any CPU
		{FE46C6FA-FECB-4895-87BD-910E6A1D65CE}.Release|Any CPU.Build.0 = Release|Any CPU
		{58A66895-6EF0-4DBF-A139-FA380E7235BB}.Debug|Any CPU.ActiveCfg = Debug|Any CPU
		{58A66895-6EF0-4DBF-A139-FA380E7235BB}.Debug|Any CPU.Build.0 = Debug|Any CPU
		{58A66895-6EF0-4DBF-A139-FA380E7235BB}.Release|Any CPU.ActiveCfg = Release|Any CPU
		{58A66895-6EF0-4DBF-A139-FA380E7235BB}.Release|Any CPU.Build.0 = Release|Any CPU
		{A18B51E6-701E-4D32-8154-16873B0C89EF}.Debug|Any CPU.ActiveCfg = Debug|Any CPU
		{A18B51E6-701E-4D32-8154-16873B0C89EF}.Debug|Any CPU.Build.0 = Debug|Any CPU
		{A18B51E6-701E-4D32-8154-16873B0C89EF}.Release|Any CPU.ActiveCfg = Release|Any CPU
		{A18B51E6-701E-4D32-8154-16873B0C89EF}.Release|Any CPU.Build.0 = Release|Any CPU
		{561AE5EB-DDB5-4CFF-9A5D-101C7C1B0885}.Debug|Any CPU.ActiveCfg = Debug|Any CPU
		{561AE5EB-DDB5-4CFF-9A5D-101C7C1B0885}.Debug|Any CPU.Build.0 = Debug|Any CPU
		{561AE5EB-DDB5-4CFF-9A5D-101C7C1B0885}.Release|Any CPU.ActiveCfg = Release|Any CPU
		{561AE5EB-DDB5-4CFF-9A5D-101C7C1B0885}.Release|Any CPU.Build.0 = Release|Any CPU
	EndGlobalSection
	GlobalSection(SolutionProperties) = preSolution
		HideSolutionNode = FALSE
	EndGlobalSection
	GlobalSection(NestedProjects) = preSolution
		{06C3CF2C-2C99-4D3B-ADB0-F2EE36FC3E80} = {AB5B919C-009A-4050-85D4-A3E795051774}
		{1456D45F-4E30-44B5-B877-9F436E259316} = {3458C759-98FB-471F-81FB-E9F91BAA7460}
		{FC9C532F-1786-468A-A639-250E1AE59F4B} = {5FD7D210-D149-4E71-A6CC-A581B5231D33}
		{1C1DAB5A-F41C-4626-904B-ADAC8D415F1E} = {5FD7D210-D149-4E71-A6CC-A581B5231D33}
		{0B1E87EC-81D5-440C-8C6F-8714D088C3ED} = {3458C759-98FB-471F-81FB-E9F91BAA7460}
		{3D40B761-8C62-4D21-A2EC-B0CAE3C31250} = {5FD7D210-D149-4E71-A6CC-A581B5231D33}
		{3CB9821E-14D3-4B84-AE62-5281AC694303} = {6CF21A91-456E-453F-87FD-FA41419F071D}
		{16CF758C-7846-4F50-AC2E-1040CB5EB830} = {6CF21A91-456E-453F-87FD-FA41419F071D}
		{F349C7BF-F6BA-42C7-8818-868112E330D2} = {6CF21A91-456E-453F-87FD-FA41419F071D}
		{4B4CB761-DE35-4EFF-8C86-8CD5C5EEF6EE} = {97F21E74-B316-440A-BA57-4C3E3301B853}
		{8385B183-572F-49A9-AFC3-34E1418F90C5} = {97F21E74-B316-440A-BA57-4C3E3301B853}
		{177D12BB-74D7-495A-A832-CDA8C24FEF5E} = {97F21E74-B316-440A-BA57-4C3E3301B853}
		{AA3E3B59-632A-4589-ADD8-133A229BB10F} = {97F21E74-B316-440A-BA57-4C3E3301B853}
		{64278330-DBDF-45D8-87FE-6017D588F602} = {5FD7D210-D149-4E71-A6CC-A581B5231D33}
		{02D76277-6690-4439-ACD7-6894D25E3771} = {64278330-DBDF-45D8-87FE-6017D588F602}
		{14F33356-CD7C-42AD-A249-21CED1601A24} = {5FD7D210-D149-4E71-A6CC-A581B5231D33}
		{0BD98F26-DBE1-405D-BECE-A092DFE638C8} = {14F33356-CD7C-42AD-A249-21CED1601A24}
		{AB5B919C-009A-4050-85D4-A3E795051774} = {5FD7D210-D149-4E71-A6CC-A581B5231D33}
		{AE796640-E697-43D2-9E1B-FF168EE7CC37} = {5FD7D210-D149-4E71-A6CC-A581B5231D33}
		{A2AB2304-D9EE-4AB5-9C78-46C6B1DE96FB} = {AE796640-E697-43D2-9E1B-FF168EE7CC37}
		{5BE6C592-D745-4240-BFFC-26F96295AE8B} = {5FD7D210-D149-4E71-A6CC-A581B5231D33}
		{3C129141-E762-4A3C-909C-14D3EDC8E3D1} = {5BE6C592-D745-4240-BFFC-26F96295AE8B}
		{68942B4C-5FF5-499E-8F65-889849F21708} = {5FD7D210-D149-4E71-A6CC-A581B5231D33}
		{0FBAD1FF-8996-48E2-948C-FAC42A5BD43D} = {68942B4C-5FF5-499E-8F65-889849F21708}
		{3EB704A0-E522-4035-BB95-AFBD81C08F6B} = {7E0EE37A-5E1A-4921-9C80-5C198493C4F6}
		{72AA2286-2B89-4BA5-A2A0-8A3BC71E3611} = {7E0EE37A-5E1A-4921-9C80-5C198493C4F6}
		{6648FD07-AC40-4611-884C-A9E46A23F738} = {3EB704A0-E522-4035-BB95-AFBD81C08F6B}
		{9644D2A1-9819-434B-9B37-B044183B64B8} = {72AA2286-2B89-4BA5-A2A0-8A3BC71E3611}
		{FE46C6FA-FECB-4895-87BD-910E6A1D65CE} = {3458C759-98FB-471F-81FB-E9F91BAA7460}
		{58A66895-6EF0-4DBF-A139-FA380E7235BB} = {3458C759-98FB-471F-81FB-E9F91BAA7460}
		{A18B51E6-701E-4D32-8154-16873B0C89EF} = {6CF21A91-456E-453F-87FD-FA41419F071D}
		{561AE5EB-DDB5-4CFF-9A5D-101C7C1B0885} = {76D9C0DD-9FEB-4033-BB7D-0A76C1CC57F9}
	EndGlobalSection
	GlobalSection(ExtensibilityGlobals) = postSolution
		SolutionGuid = {B4A67A13-802D-440A-9AF3-0EDBCAE3262D}
	EndGlobalSection
EndGlobal
